PODS:
  - Alamofire (4.8.2)
  - FrameLayoutKit (3.4)
  - google-cast-sdk (4.4.1):
    - google-cast-sdk/Core (= 4.4.1)
    - Protobuf (~> 3.0)
  - google-cast-sdk/Core (4.4.1):
    - Protobuf (~> 3.0)
  - GoogleAds-IMA-iOS-SDK (3.9.0)
  - "LFLiveKit+ (2.6.2)"
  - NKModalViewManager (3.5.2)
  - NVActivityIndicatorView/AppExtension (4.7.0)
  - Protobuf (3.8.0)
  - SDWebImage (5.0.6):
    - SDWebImage/Core (= 5.0.6)
  - SDWebImage/Core (5.0.6)
  - SwiftIcons (2.3.2)
  - SwiftyJSON (5.0.0)
  - UizaSDK (7.0.8):
    - Alamofire
    - google-cast-sdk
    - GoogleAds-IMA-iOS-SDK
    - "LFLiveKit+"
    - NKModalViewManager
    - NVActivityIndicatorView/AppExtension
    - SDWebImage
    - SwiftyJSON

DEPENDENCIES:
  - FrameLayoutKit
  - SwiftIcons
  - UizaSDK (= 7.0.8)

SPEC REPOS:
  https://github.com/cocoapods/specs.git:
    - Alamofire
    - FrameLayoutKit
    - google-cast-sdk
    - GoogleAds-IMA-iOS-SDK
    - "LFLiveKit+"
    - NKModalViewManager
    - NVActivityIndicatorView
    - Protobuf
    - SDWebImage
    - SwiftIcons
    - SwiftyJSON
    - UizaSDK

SPEC CHECKSUMS:
  Alamofire: ae5c501addb7afdbb13687d7f2f722c78734c2d3
  FrameLayoutKit: ec991b3e454e98078fb050cf172cd15cfff4bbe8
  google-cast-sdk: b4583a1591a94b693be5e913e0ae84447fbd6b9d
  GoogleAds-IMA-iOS-SDK: 8f57879738137b81a48ba792e42439e6bff5413b
  "LFLiveKit+": 0da21f6b18c07a4160aa61f17fb436350c558eac
  NKModalViewManager: 8171cd4fb9315193fc2d05f011f9a29c9ca95a0f
  NVActivityIndicatorView: b19ddab2576f805cbe0fb2306cba3476e09a1dea
  Protobuf: 3f617b9a6e73605565086864c9bc26b2bf2dd5a3
  SDWebImage: 920f1a2ff1ca8296ad34f6e0510a1ef1d70ac965
  SwiftIcons: e652cfd2676441c462ad57b6e92977faf577e590
  SwiftyJSON: 36413e04c44ee145039d332b4f4e2d3e8d6c4db7
  UizaSDK: f366fc700865b4660e920960be8fdc394baaf8a2

PODFILE CHECKSUM: c2e2071f943d7d5d1657de4e58abfb8990fe2ff6

COCOAPODS: 1.7.0.rc.1
