// !$*UTF8*$!
{
	archiveVersion = 1;
	classes = {
	};
	objectVersion = 50;
	objects = {

/* Begin PBXBuildFile section */
		03B74DFB16C5F7846E2F5BF1 /* Pods_UizaSDKExample.framework in Frameworks */ = {isa = PBXBuildFile; fileRef = 9484CAC48E30E100B5DC6808 /* Pods_UizaSDKExample.framework */; };
		633B8360218AFBC60013EEE4 /* FloatingPlayerViewController.swift in Sources */ = {isa = PBXBuildFile; fileRef = 633B835F218AFBC60013EEE4 /* FloatingPlayerViewController.swift */; };
		637330F021C10C4B00D4A34B /* MyLiveStreamViewController.swift in Sources */ = {isa = PBXBuildFile; fileRef = 637330EF21C10C4B00D4A34B /* MyLiveStreamViewController.swift */; };
		63D65CB62104E26F0010D07A /* AppDelegate.swift in Sources */ = {isa = PBXBuildFile; fileRef = 63D65CB52104E26F0010D07A /* AppDelegate.swift */; };
		63D65CB82104E26F0010D07A /* ViewController.swift in Sources */ = {isa = PBXBuildFile; fileRef = 63D65CB72104E26F0010D07A /* ViewController.swift */; };
		63D65CBB2104E26F0010D07A /* Main.storyboard in Resources */ = {isa = PBXBuildFile; fileRef = 63D65CB92104E26F0010D07A /* Main.storyboard */; };
		63D65CBD2104E2700010D07A /* Assets.xcassets in Resources */ = {isa = PBXBuildFile; fileRef = 63D65CBC2104E2700010D07A /* Assets.xcassets */; };
		63D65CC02104E2700010D07A /* LaunchScreen.storyboard in Resources */ = {isa = PBXBuildFile; fileRef = 63D65CBE2104E2700010D07A /* LaunchScreen.storyboard */; };
/* End PBXBuildFile section */

/* Begin PBXFileReference section */
		633B835F218AFBC60013EEE4 /* FloatingPlayerViewController.swift */ = {isa = PBXFileReference; lastKnownFileType = sourcecode.swift; path = FloatingPlayerViewController.swift; sourceTree = "<group>"; };
		637330EF21C10C4B00D4A34B /* MyLiveStreamViewController.swift */ = {isa = PBXFileReference; fileEncoding = 4; lastKnownFileType = sourcecode.swift; path = MyLiveStreamViewController.swift; sourceTree = "<group>"; };
		63D65CB22104E26F0010D07A /* UizaSDKExample.app */ = {isa = PBXFileReference; explicitFileType = wrapper.application; includeInIndex = 0; path = UizaSDKExample.app; sourceTree = BUILT_PRODUCTS_DIR; };
		63D65CB52104E26F0010D07A /* AppDelegate.swift */ = {isa = PBXFileReference; lastKnownFileType = sourcecode.swift; path = AppDelegate.swift; sourceTree = "<group>"; };
		63D65CB72104E26F0010D07A /* ViewController.swift */ = {isa = PBXFileReference; lastKnownFileType = sourcecode.swift; path = ViewController.swift; sourceTree = "<group>"; };
		63D65CBA2104E26F0010D07A /* Base */ = {isa = PBXFileReference; lastKnownFileType = file.storyboard; name = Base; path = Base.lproj/Main.storyboard; sourceTree = "<group>"; };
		63D65CBC2104E2700010D07A /* Assets.xcassets */ = {isa = PBXFileReference; lastKnownFileType = folder.assetcatalog; path = Assets.xcassets; sourceTree = "<group>"; };
		63D65CBF2104E2700010D07A /* Base */ = {isa = PBXFileReference; lastKnownFileType = file.storyboard; name = Base; path = Base.lproj/LaunchScreen.storyboard; sourceTree = "<group>"; };
		63D65CC12104E2700010D07A /* Info.plist */ = {isa = PBXFileReference; lastKnownFileType = text.plist.xml; path = Info.plist; sourceTree = "<group>"; };
		9484CAC48E30E100B5DC6808 /* Pods_UizaSDKExample.framework */ = {isa = PBXFileReference; explicitFileType = wrapper.framework; includeInIndex = 0; path = Pods_UizaSDKExample.framework; sourceTree = BUILT_PRODUCTS_DIR; };
		97F6F5BABA199B7DE2565A29 /* Pods-UizaSDKExample.debug.xcconfig */ = {isa = PBXFileReference; includeInIndex = 1; lastKnownFileType = text.xcconfig; name = "Pods-UizaSDKExample.debug.xcconfig"; path = "Pods/Target Support Files/Pods-UizaSDKExample/Pods-UizaSDKExample.debug.xcconfig"; sourceTree = "<group>"; };
		AF13AF3B0E96648F9A78BCD7 /* Pods-UizaSDKExample.release.xcconfig */ = {isa = PBXFileReference; includeInIndex = 1; lastKnownFileType = text.xcconfig; name = "Pods-UizaSDKExample.release.xcconfig"; path = "Pods/Target Support Files/Pods-UizaSDKExample/Pods-UizaSDKExample.release.xcconfig"; sourceTree = "<group>"; };
/* End PBXFileReference section */

/* Begin PBXFrameworksBuildPhase section */
		63D65CAF2104E26F0010D07A /* Frameworks */ = {
			isa = PBXFrameworksBuildPhase;
			buildActionMask = 2147483647;
			files = (
				03B74DFB16C5F7846E2F5BF1 /* Pods_UizaSDKExample.framework in Frameworks */,
			);
			runOnlyForDeploymentPostprocessing = 0;
		};
/* End PBXFrameworksBuildPhase section */

/* Begin PBXGroup section */
		01899040E7322DB704DC7D24 /* Frameworks */ = {
			isa = PBXGroup;
			children = (
				9484CAC48E30E100B5DC6808 /* Pods_UizaSDKExample.framework */,
			);
			name = Frameworks;
			sourceTree = "<group>";
		};
		63D65CA92104E26F0010D07A = {
			isa = PBXGroup;
			children = (
				63D65CB42104E26F0010D07A /* UizaSDKExample */,
				63D65CB32104E26F0010D07A /* Products */,
				C8F8B7EFC549A28A12715968 /* Pods */,
				01899040E7322DB704DC7D24 /* Frameworks */,
			);
			sourceTree = "<group>";
		};
		63D65CB32104E26F0010D07A /* Products */ = {
			isa = PBXGroup;
			children = (
				63D65CB22104E26F0010D07A /* UizaSDKExample.app */,
			);
			name = Products;
			sourceTree = "<group>";
		};
		63D65CB42104E26F0010D07A /* UizaSDKExample */ = {
			isa = PBXGroup;
			children = (
				63D65CB52104E26F0010D07A /* AppDelegate.swift */,
				63D65CB72104E26F0010D07A /* ViewController.swift */,
				637330EF21C10C4B00D4A34B /* MyLiveStreamViewController.swift */,
				633B835F218AFBC60013EEE4 /* FloatingPlayerViewController.swift */,
				63D65CB92104E26F0010D07A /* Main.storyboard */,
				63D65CBC2104E2700010D07A /* Assets.xcassets */,
				63D65CBE2104E2700010D07A /* LaunchScreen.storyboard */,
				63D65CC12104E2700010D07A /* Info.plist */,
			);
			path = UizaSDKExample;
			sourceTree = "<group>";
		};
		C8F8B7EFC549A28A12715968 /* Pods */ = {
			isa = PBXGroup;
			children = (
				97F6F5BABA199B7DE2565A29 /* Pods-UizaSDKExample.debug.xcconfig */,
				AF13AF3B0E96648F9A78BCD7 /* Pods-UizaSDKExample.release.xcconfig */,
			);
			name = Pods;
			sourceTree = "<group>";
		};
/* End PBXGroup section */

/* Begin PBXNativeTarget section */
		63D65CB12104E26F0010D07A /* UizaSDKExample */ = {
			isa = PBXNativeTarget;
			buildConfigurationList = 63D65CC42104E2700010D07A /* Build configuration list for PBXNativeTarget "UizaSDKExample" */;
			buildPhases = (
				C7E6C63F15BC3E239E809F58 /* [CP] Check Pods Manifest.lock */,
				63D65CAE2104E26F0010D07A /* Sources */,
				63D65CAF2104E26F0010D07A /* Frameworks */,
				63D65CB02104E26F0010D07A /* Resources */,
				671BE827FE1C38B6B7ADE95D /* [CP] Embed Pods Frameworks */,
				B80E4BBCFA77D980DAA53BA7 /* [CP] Copy Pods Resources */,
			);
			buildRules = (
			);
			dependencies = (
			);
			name = UizaSDKExample;
			productName = UizaSDKExample;
			productReference = 63D65CB22104E26F0010D07A /* UizaSDKExample.app */;
			productType = "com.apple.product-type.application";
		};
/* End PBXNativeTarget section */

/* Begin PBXProject section */
		63D65CAA2104E26F0010D07A /* Project object */ = {
			isa = PBXProject;
			attributes = {
				LastSwiftUpdateCheck = 0940;
				LastUpgradeCheck = 0940;
				ORGANIZATIONNAME = Uiza;
				TargetAttributes = {
					63D65CB12104E26F0010D07A = {
						CreatedOnToolsVersion = 9.4.1;
					};
				};
			};
			buildConfigurationList = 63D65CAD2104E26F0010D07A /* Build configuration list for PBXProject "UizaSDKExample" */;
			compatibilityVersion = "Xcode 9.3";
			developmentRegion = en;
			hasScannedForEncodings = 0;
			knownRegions = (
				en,
				Base,
			);
			mainGroup = 63D65CA92104E26F0010D07A;
			productRefGroup = 63D65CB32104E26F0010D07A /* Products */;
			projectDirPath = "";
			projectRoot = "";
			targets = (
				63D65CB12104E26F0010D07A /* UizaSDKExample */,
			);
		};
/* End PBXProject section */

/* Begin PBXResourcesBuildPhase section */
		63D65CB02104E26F0010D07A /* Resources */ = {
			isa = PBXResourcesBuildPhase;
			buildActionMask = 2147483647;
			files = (
				63D65CC02104E2700010D07A /* LaunchScreen.storyboard in Resources */,
				63D65CBD2104E2700010D07A /* Assets.xcassets in Resources */,
				63D65CBB2104E26F0010D07A /* Main.storyboard in Resources */,
			);
			runOnlyForDeploymentPostprocessing = 0;
		};
/* End PBXResourcesBuildPhase section */

/* Begin PBXShellScriptBuildPhase section */
		671BE827FE1C38B6B7ADE95D /* [CP] Embed Pods Frameworks */ = {
			isa = PBXShellScriptBuildPhase;
			buildActionMask = 2147483647;
			files = (
			);
			inputFileListPaths = (
				"${PODS_ROOT}/Target Support Files/Pods-UizaSDKExample/Pods-UizaSDKExample-frameworks-${CONFIGURATION}-input-files.xcfilelist",
			);
			name = "[CP] Embed Pods Frameworks";
			outputFileListPaths = (
				"${PODS_ROOT}/Target Support Files/Pods-UizaSDKExample/Pods-UizaSDKExample-frameworks-${CONFIGURATION}-output-files.xcfilelist",
			);
			runOnlyForDeploymentPostprocessing = 0;
			shellPath = /bin/sh;
			shellScript = "\"${PODS_ROOT}/Target Support Files/Pods-UizaSDKExample/Pods-UizaSDKExample-frameworks.sh\"\n";
			showEnvVarsInLog = 0;
		};
		B80E4BBCFA77D980DAA53BA7 /* [CP] Copy Pods Resources */ = {
			isa = PBXShellScriptBuildPhase;
			buildActionMask = 2147483647;
			files = (
			);
			inputFileListPaths = (
				"${PODS_ROOT}/Target Support Files/Pods-UizaSDKExample/Pods-UizaSDKExample-resources-${CONFIGURATION}-input-files.xcfilelist",
			);
			name = "[CP] Copy Pods Resources";
			outputFileListPaths = (
				"${PODS_ROOT}/Target Support Files/Pods-UizaSDKExample/Pods-UizaSDKExample-resources-${CONFIGURATION}-output-files.xcfilelist",
			);
			runOnlyForDeploymentPostprocessing = 0;
			shellPath = /bin/sh;
			shellScript = "\"${PODS_ROOT}/Target Support Files/Pods-UizaSDKExample/Pods-UizaSDKExample-resources.sh\"\n";
			showEnvVarsInLog = 0;
		};
		C7E6C63F15BC3E239E809F58 /* [CP] Check Pods Manifest.lock */ = {
			isa = PBXShellScriptBuildPhase;
			buildActionMask = 2147483647;
			files = (
			);
			inputPaths = (
				"${PODS_PODFILE_DIR_PATH}/Podfile.lock",
				"${PODS_ROOT}/Manifest.lock",
			);
			name = "[CP] Check Pods Manifest.lock";
			outputPaths = (
				"$(DERIVED_FILE_DIR)/Pods-UizaSDKExample-checkManifestLockResult.txt",
			);
			runOnlyForDeploymentPostprocessing = 0;
			shellPath = /bin/sh;
			shellScript = "diff \"${PODS_PODFILE_DIR_PATH}/Podfile.lock\" \"${PODS_ROOT}/Manifest.lock\" > /dev/null\nif [ $? != 0 ] ; then\n    # print error to STDERR\n    echo \"error: The sandbox is not in sync with the Podfile.lock. Run 'pod install' or update your CocoaPods installation.\" >&2\n    exit 1\nfi\n# This output is used by Xcode 'outputs' to avoid re-running this script phase.\necho \"SUCCESS\" > \"${SCRIPT_OUTPUT_FILE_0}\"\n";
			showEnvVarsInLog = 0;
		};
/* End PBXShellScriptBuildPhase section */

/* Begin PBXSourcesBuildPhase section */
		63D65CAE2104E26F0010D07A /* Sources */ = {
			isa = PBXSourcesBuildPhase;
			buildActionMask = 2147483647;
			files = (
				637330F021C10C4B00D4A34B /* MyLiveStreamViewController.swift in Sources */,
				633B8360218AFBC60013EEE4 /* FloatingPlayerViewController.swift in Sources */,
				63D65CB82104E26F0010D07A /* ViewController.swift in Sources */,
				63D65CB62104E26F0010D07A /* AppDelegate.swift in Sources */,
			);
			runOnlyForDeploymentPostprocessing = 0;
		};
/* End PBXSourcesBuildPhase section */

/* Begin PBXVariantGroup section */
		63D65CB92104E26F0010D07A /* Main.storyboard */ = {
			isa = PBXVariantGroup;
			children = (
				63D65CBA2104E26F0010D07A /* Base */,
			);
			name = Main.storyboard;
			sourceTree = "<group>";
		};
		63D65CBE2104E2700010D07A /* LaunchScreen.storyboard */ = {
			isa = PBXVariantGroup;
			children = (
				63D65CBF2104E2700010D07A /* Base */,
			);
			name = LaunchScreen.storyboard;
			sourceTree = "<group>";
		};
/* End PBXVariantGroup section */

/* Begin XCBuildConfiguration section */
		63D65CC22104E2700010D07A /* Debug */ = {
			isa = XCBuildConfiguration;
			buildSettings = {
				ALWAYS_SEARCH_USER_PATHS = NO;
				CLANG_ANALYZER_NONNULL = YES;
				CLANG_ANALYZER_NUMBER_OBJECT_CONVERSION = YES_AGGRESSIVE;
				CLANG_CXX_LANGUAGE_STANDARD = "gnu++14";
				CLANG_CXX_LIBRARY = "libc++";
				CLANG_ENABLE_MODULES = YES;
				CLANG_ENABLE_OBJC_ARC = YES;
				CLANG_ENABLE_OBJC_WEAK = YES;
				CLANG_WARN_BLOCK_CAPTURE_AUTORELEASING = YES;
				CLANG_WARN_BOOL_CONVERSION = YES;
				CLANG_WARN_COMMA = YES;
				CLANG_WARN_CONSTANT_CONVERSION = YES;
				CLANG_WARN_DEPRECATED_OBJC_IMPLEMENTATIONS = YES;
				CLANG_WARN_DIRECT_OBJC_ISA_USAGE = YES_ERROR;
				CLANG_WARN_DOCUMENTATION_COMMENTS = YES;
				CLANG_WARN_EMPTY_BODY = YES;
				CLANG_WARN_ENUM_CONVERSION = YES;
				CLANG_WARN_INFINITE_RECURSION = YES;
				CLANG_WARN_INT_CONVERSION = YES;
				CLANG_WARN_NON_LITERAL_NULL_CONVERSION = YES;
				CLANG_WARN_OBJC_IMPLICIT_RETAIN_SELF = YES;
				CLANG_WARN_OBJC_LITERAL_CONVERSION = YES;
				CLANG_WARN_OBJC_ROOT_CLASS = YES_ERROR;
				CLANG_WARN_RANGE_LOOP_ANALYSIS = YES;
				CLANG_WARN_STRICT_PROTOTYPES = YES;
				CLANG_WARN_SUSPICIOUS_MOVE = YES;
				CLANG_WARN_UNGUARDED_AVAILABILITY = YES_AGGRESSIVE;
				CLANG_WARN_UNREACHABLE_CODE = YES;
				CLANG_WARN__DUPLICATE_METHOD_MATCH = YES;
				CODE_SIGN_IDENTITY = "iPhone Developer";
				COPY_PHASE_STRIP = NO;
				DEBUG_INFORMATION_FORMAT = dwarf;
				ENABLE_STRICT_OBJC_MSGSEND = YES;
				ENABLE_TESTABILITY = YES;
				GCC_C_LANGUAGE_STANDARD = gnu11;
				GCC_DYNAMIC_NO_PIC = NO;
				GCC_NO_COMMON_BLOCKS = YES;
				GCC_OPTIMIZATION_LEVEL = 0;
				GCC_PREPROCESSOR_DEFINITIONS = (
					"DEBUG=1",
					"$(inherited)",
				);
				GCC_WARN_64_TO_32_BIT_CONVERSION = YES;
				GCC_WARN_ABOUT_RETURN_TYPE = YES_ERROR;
				GCC_WARN_UNDECLARED_SELECTOR = YES;
				GCC_WARN_UNINITIALIZED_AUTOS = YES_AGGRESSIVE;
				GCC_WARN_UNUSED_FUNCTION = YES;
				GCC_WARN_UNUSED_VARIABLE = YES;
				IPHONEOS_DEPLOYMENT_TARGET = 11.4;
				MTL_ENABLE_DEBUG_INFO = YES;
				ONLY_ACTIVE_ARCH = YES;
				SDKROOT = iphoneos;
				SWIFT_ACTIVE_COMPILATION_CONDITIONS = DEBUG;
				SWIFT_OPTIMIZATION_LEVEL = "-Onone";
			};
			name = Debug;
		};
		63D65CC32104E2700010D07A /* Release */ = {
			isa = XCBuildConfiguration;
			buildSettings = {
				ALWAYS_SEARCH_USER_PATHS = NO;
				CLANG_ANALYZER_NONNULL = YES;
				CLANG_ANALYZER_NUMBER_OBJECT_CONVERSION = YES_AGGRESSIVE;
				CLANG_CXX_LANGUAGE_STANDARD = "gnu++14";
				CLANG_CXX_LIBRARY = "libc++";
				CLANG_ENABLE_MODULES = YES;
				CLANG_ENABLE_OBJC_ARC = YES;
				CLANG_ENABLE_OBJC_WEAK = YES;
				CLANG_WARN_BLOCK_CAPTURE_AUTORELEASING = YES;
				CLANG_WARN_BOOL_CONVERSION = YES;
				CLANG_WARN_COMMA = YES;
				CLANG_WARN_CONSTANT_CONVERSION = YES;
				CLANG_WARN_DEPRECATED_OBJC_IMPLEMENTATIONS = YES;
				CLANG_WARN_DIRECT_OBJC_ISA_USAGE = YES_ERROR;
				CLANG_WARN_DOCUMENTATION_COMMENTS = YES;
				CLANG_WARN_EMPTY_BODY = YES;
				CLANG_WARN_ENUM_CONVERSION = YES;
				CLANG_WARN_INFINITE_RECURSION = YES;
				CLANG_WARN_INT_CONVERSION = YES;
				CLANG_WARN_NON_LITERAL_NULL_CONVERSION = YES;
				CLANG_WARN_OBJC_IMPLICIT_RETAIN_SELF = YES;
				CLANG_WARN_OBJC_LITERAL_CONVERSION = YES;
				CLANG_WARN_OBJC_ROOT_CLASS = YES_ERROR;
				CLANG_WARN_RANGE_LOOP_ANALYSIS = YES;
				CLANG_WARN_STRICT_PROTOTYPES = YES;
				CLANG_WARN_SUSPICIOUS_MOVE = YES;
				CLANG_WARN_UNGUARDED_AVAILABILITY = YES_AGGRESSIVE;
				CLANG_WARN_UNREACHABLE_CODE = YES;
				CLANG_WARN__DUPLICATE_METHOD_MATCH = YES;
				CODE_SIGN_IDENTITY = "iPhone Developer";
				COPY_PHASE_STRIP = NO;
				DEBUG_INFORMATION_FORMAT = "dwarf-with-dsym";
				ENABLE_NS_ASSERTIONS = NO;
				ENABLE_STRICT_OBJC_MSGSEND = YES;
				GCC_C_LANGUAGE_STANDARD = gnu11;
				GCC_NO_COMMON_BLOCKS = YES;
				GCC_WARN_64_TO_32_BIT_CONVERSION = YES;
				GCC_WARN_ABOUT_RETURN_TYPE = YES_ERROR;
				GCC_WARN_UNDECLARED_SELECTOR = YES;
				GCC_WARN_UNINITIALIZED_AUTOS = YES_AGGRESSIVE;
				GCC_WARN_UNUSED_FUNCTION = YES;
				GCC_WARN_UNUSED_VARIABLE = YES;
				IPHONEOS_DEPLOYMENT_TARGET = 11.4;
				MTL_ENABLE_DEBUG_INFO = NO;
				SDKROOT = iphoneos;
				SWIFT_COMPILATION_MODE = wholemodule;
				SWIFT_OPTIMIZATION_LEVEL = "-O";
				VALIDATE_PRODUCT = YES;
			};
			name = Release;
		};
		63D65CC52104E2700010D07A /* Debug */ = {
			isa = XCBuildConfiguration;
			baseConfigurationReference = 97F6F5BABA199B7DE2565A29 /* Pods-UizaSDKExample.debug.xcconfig */;
			buildSettings = {
				ASSETCATALOG_COMPILER_APPICON_NAME = AppIcon;
				CODE_SIGN_STYLE = Automatic;
				DEVELOPMENT_TEAM = N553UPX8WV;
				INFOPLIST_FILE = UizaSDKExample/Info.plist;
				LD_RUNPATH_SEARCH_PATHS = (
					"$(inherited)",
					"@executable_path/Frameworks",
				);
				PRODUCT_BUNDLE_IDENTIFIER = com.uiza.UizaSDKExample;
				PRODUCT_NAME = "$(TARGET_NAME)";
				SWIFT_VERSION = 4.0;
				TARGETED_DEVICE_FAMILY = "1,2";
			};
			name = Debug;
		};
		63D65CC62104E2700010D07A /* Release */ = {
			isa = XCBuildConfiguration;
			baseConfigurationReference = AF13AF3B0E96648F9A78BCD7 /* Pods-UizaSDKExample.release.xcconfig */;
			buildSettings = {
				ASSETCATALOG_COMPILER_APPICON_NAME = AppIcon;
				CODE_SIGN_STYLE = Automatic;
				DEVELOPMENT_TEAM = N553UPX8WV;
				INFOPLIST_FILE = UizaSDKExample/Info.plist;
				LD_RUNPATH_SEARCH_PATHS = (
					"$(inherited)",
					"@executable_path/Frameworks",
				);
				PRODUCT_BUNDLE_IDENTIFIER = com.uiza.UizaSDKExample;
				PRODUCT_NAME = "$(TARGET_NAME)";
				SWIFT_VERSION = 4.0;
				TARGETED_DEVICE_FAMILY = "1,2";
			};
			name = Release;
		};
/* End XCBuildConfiguration section */

/* Begin XCConfigurationList section */
		63D65CAD2104E26F0010D07A /* Build configuration list for PBXProject "UizaSDKExample" */ = {
			isa = XCConfigurationList;
			buildConfigurations = (
				63D65CC22104E2700010D07A /* Debug */,
				63D65CC32104E2700010D07A /* Release */,
			);
			defaultConfigurationIsVisible = 0;
			defaultConfigurationName = Release;
		};
		63D65CC42104E2700010D07A /* Build configuration list for PBXNativeTarget "UizaSDKExample" */ = {
			isa = XCConfigurationList;
			buildConfigurations = (
				63D65CC52104E2700010D07A /* Debug */,
				63D65CC62104E2700010D07A /* Release */,
			);
			defaultConfigurationIsVisible = 0;
			defaultConfigurationName = Release;
		};
/* End XCConfigurationList section */
	};
	rootObject = 63D65CAA2104E26F0010D07A /* Project object */;
}
